dependencies:
- name: coze-loop-app
  repository: file://../charts/app
  version: 1.0.0
- name: coze-loop-nginx
  repository: file://../charts/nginx
  version: 1.0.0
- name: coze-loop-redis
  repository: file://../charts/redis
  version: 1.0.0
- name: coze-loop-mysql
  repository: file://../charts/mysql
  version: 1.0.0
- name: coze-loop-clickhouse
  repository: file://../charts/clickhouse
  version: 1.0.0
- name: coze-loop-minio
  repository: file://../charts/minio
  version: 1.0.0
- name: coze-loop-rmq-namesrv
  repository: file://../charts/rmq-namesrv
  version: 1.0.0
- name: coze-loop-rmq-broker
  repository: file://../charts/rmq-broker
  version: 1.0.0
digest: sha256:131b165d94e69d9029d1b0991bb8bd19917a8b4641e59922f80f9792e87ac1c6
generated: "2025-08-11T21:22:37.669295+08:00"
